
Microsoft Visual Studio Solution File, Format Version 12.00
# Visual Studio Version 17
VisualStudioVersion = 17.3.32819.101
MinimumVisualStudioVersion = 10.0.40219.1
Project("{2150E333-8FDC-42A3-9474-1A3956D46DE8}") = "Элементы решения", "Элементы решения", "{2746DA9E-F0E5-4B84-ACDD-C77E228CD1F4}"
	ProjectSection(SolutionItems) = preProject
		.gitignore = .gitignore
		problems.txt = problems.txt
		README.md = README.md
		README.ru.md = README.ru.md
		README.uk.md = README.uk.md
	EndProjectSection
EndProject
Project("{9A19103F-16F7-4668-BE54-9A1E7A4F7556}") = "SKit.NovaPoshta.Domain", "src\SKit.NovaPoshta.Domain\SKit.NovaPoshta.Domain.csproj", "{B2D31F9F-8525-4567-B198-22C1A9349A8B}"
EndProject
Project("{9A19103F-16F7-4668-BE54-9A1E7A4F7556}") = "SKit.NovaPoshta.Client", "src\SKit.NovaPoshta.Client\SKit.NovaPoshta.Client.csproj", "{4226CE13-62D9-4EDD-8C96-CD5693D75FF9}"
EndProject
Project("{9A19103F-16F7-4668-BE54-9A1E7A4F7556}") = "SKit.NovaPoshta.Client.Tests", "test\SKit.NovaPoshta.Client.Tests\SKit.NovaPoshta.Client.Tests.csproj", "{F674880A-AD25-41EB-8F6A-6F5732EC19BD}"
EndProject
Project("{2150E333-8FDC-42A3-9474-1A3956D46DE8}") = "test", "test", "{BC985657-0D42-4912-9C05-9E32B147CBCE}"
EndProject
Global
	GlobalSection(SolutionConfigurationPlatforms) = preSolution
		Debug|Any CPU = Debug|Any CPU
		Release|Any CPU = Release|Any CPU
	EndGlobalSection
	GlobalSection(ProjectConfigurationPlatforms) = postSolution
		{B2D31F9F-8525-4567-B198-22C1A9349A8B}.Debug|Any CPU.ActiveCfg = Debug|Any CPU
		{B2D31F9F-8525-4567-B198-22C1A9349A8B}.Debug|Any CPU.Build.0 = Debug|Any CPU
		{B2D31F9F-8525-4567-B198-22C1A9349A8B}.Release|Any CPU.ActiveCfg = Release|Any CPU
		{B2D31F9F-8525-4567-B198-22C1A9349A8B}.Release|Any CPU.Build.0 = Release|Any CPU
		{4226CE13-62D9-4EDD-8C96-CD5693D75FF9}.Debug|Any CPU.ActiveCfg = Debug|Any CPU
		{4226CE13-62D9-4EDD-8C96-CD5693D75FF9}.Debug|Any CPU.Build.0 = Debug|Any CPU
		{4226CE13-62D9-4EDD-8C96-CD5693D75FF9}.Release|Any CPU.ActiveCfg = Release|Any CPU
		{4226CE13-62D9-4EDD-8C96-CD5693D75FF9}.Release|Any CPU.Build.0 = Release|Any CPU
		{F674880A-AD25-41EB-8F6A-6F5732EC19BD}.Debug|Any CPU.ActiveCfg = Debug|Any CPU
		{F674880A-AD25-41EB-8F6A-6F5732EC19BD}.Debug|Any CPU.Build.0 = Debug|Any CPU
		{F674880A-AD25-41EB-8F6A-6F5732EC19BD}.Release|Any CPU.ActiveCfg = Release|Any CPU
		{F674880A-AD25-41EB-8F6A-6F5732EC19BD}.Release|Any CPU.Build.0 = Release|Any CPU
	EndGlobalSection
	GlobalSection(SolutionProperties) = preSolution
		HideSolutionNode = FALSE
	EndGlobalSection
	GlobalSection(NestedProjects) = preSolution
		{F674880A-AD25-41EB-8F6A-6F5732EC19BD} = {BC985657-0D42-4912-9C05-9E32B147CBCE}
	EndGlobalSection
	GlobalSection(ExtensibilityGlobals) = postSolution
		SolutionGuid = {AF814C79-0D0F-4934-BD23-8643928D1F00}
	EndGlobalSection
EndGlobal
